
Microsoft Visual Studio Solution File, Format Version 12.00
# Visual Studio 14
VisualStudioVersion = 14.0.23107.0
MinimumVisualStudioVersion = 10.0.40219.1
Project("{FAE04EC0-301F-11D3-BF4B-00C04F79EFBC}") = "Domain", "Domain\Domain.csproj", "{D044D2B2-F12E-46BF-A175-12A282C65F7B}"
EndProject
Project("{FAE04EC0-301F-11D3-BF4B-00C04F79EFBC}") = "WebUI", "WebUI\WebUI.csproj", "{CE0BB58B-20B8-4869-95DF-963E1693050B}"
EndProject
Project("{FAE04EC0-301F-11D3-BF4B-00C04F79EFBC}") = "WebUI.Tests", "WebUI.Tests\WebUI.Tests.csproj", "{0CD0DB64-2231-40C7-8750-07325AC63D33}"
EndProject
Global
	GlobalSection(SolutionConfigurationPlatforms) = preSolution
		Debug|Any CPU = Debug|Any CPU
		Release|Any CPU = Release|Any CPU
	EndGlobalSection
	GlobalSection(ProjectConfigurationPlatforms) = postSolution
		{D044D2B2-F12E-46BF-A175-12A282C65F7B}.Debug|Any CPU.ActiveCfg = Debug|Any CPU
		{D044D2B2-F12E-46BF-A175-12A282C65F7B}.Debug|Any CPU.Build.0 = Debug|Any CPU
		{D044D2B2-F12E-46BF-A175-12A282C65F7B}.Release|Any CPU.ActiveCfg = Release|Any CPU
		{D044D2B2-F12E-46BF-A175-12A282C65F7B}.Release|Any CPU.Build.0 = Release|Any CPU
		{CE0BB58B-20B8-4869-95DF-963E1693050B}.Debug|Any CPU.ActiveCfg = Debug|Any CPU
		{CE0BB58B-20B8-4869-95DF-963E1693050B}.Debug|Any CPU.Build.0 = Debug|Any CPU
		{CE0BB58B-20B8-4869-95DF-963E1693050B}.Release|Any CPU.ActiveCfg = Release|Any CPU
		{CE0BB58B-20B8-4869-95DF-963E1693050B}.Release|Any CPU.Build.0 = Release|Any CPU
		{0CD0DB64-2231-40C7-8750-07325AC63D33}.Debug|Any CPU.ActiveCfg = Debug|Any CPU
		{0CD0DB64-2231-40C7-8750-07325AC63D33}.Debug|Any CPU.Build.0 = Debug|Any CPU
		{0CD0DB64-2231-40C7-8750-07325AC63D33}.Release|Any CPU.ActiveCfg = Release|Any CPU
		{0CD0DB64-2231-40C7-8750-07325AC63D33}.Release|Any CPU.Build.0 = Release|Any CPU
	EndGlobalSection
	GlobalSection(SolutionProperties) = preSolution
		HideSolutionNode = FALSE
	EndGlobalSection
EndGlobal
